// !$*UTF8*$!
{
	archiveVersion = 1;
	classes = {
	};
	objectVersion = 50;
	objects = {

/* Begin PBXBuildFile section */
		1E34B28B2478B40F00ED4A85 /* ListView.swift in Sources */ = {isa = PBXBuildFile; fileRef = 1E34B28A2478B40F00ED4A85 /* ListView.swift */; };
		1E34B28D2478B53B00ED4A85 /* Person.swift in Sources */ = {isa = PBXBuildFile; fileRef = 1E34B28C2478B53B00ED4A85 /* Person.swift */; };
		1E34B28F2478B69300ED4A85 /* Actions.swift in Sources */ = {isa = PBXBuildFile; fileRef = 1E34B28E2478B69300ED4A85 /* Actions.swift */; };
		1E34B2932478B77A00ED4A85 /* AddView.swift in Sources */ = {isa = PBXBuildFile; fileRef = 1E34B2922478B77A00ED4A85 /* AddView.swift */; };
		1E34B2952478B79400ED4A85 /* DetailView.swift in Sources */ = {isa = PBXBuildFile; fileRef = 1E34B2942478B79400ED4A85 /* DetailView.swift */; };
		873481602469DEE8000B9A79 /* AppDelegate.swift in Sources */ = {isa = PBXBuildFile; fileRef = 8734815F2469DEE8000B9A79 /* AppDelegate.swift */; };
		873481622469DEE8000B9A79 /* SceneDelegate.swift in Sources */ = {isa = PBXBuildFile; fileRef = 873481612469DEE8000B9A79 /* SceneDelegate.swift */; };
		873481692469DEE9000B9A79 /* Assets.xcassets in Resources */ = {isa = PBXBuildFile; fileRef = 873481682469DEE9000B9A79 /* Assets.xcassets */; };
		8734816C2469DEE9000B9A79 /* LaunchScreen.storyboard in Resources */ = {isa = PBXBuildFile; fileRef = 8734816A2469DEE9000B9A79 /* LaunchScreen.storyboard */; };
/* End PBXBuildFile section */

/* Begin PBXFileReference section */
		1E34B24D2478AECD00ED4A85 /* HW2_Instructions.md */ = {isa = PBXFileReference; lastKnownFileType = net.daringfireball.markdown; path = HW2_Instructions.md; sourceTree = "<group>"; };
		1E34B28A2478B40F00ED4A85 /* ListView.swift */ = {isa = PBXFileReference; lastKnownFileType = sourcecode.swift; path = ListView.swift; sourceTree = "<group>"; };
		1E34B28C2478B53B00ED4A85 /* Person.swift */ = {isa = PBXFileReference; lastKnownFileType = sourcecode.swift; path = Person.swift; sourceTree = "<group>"; };
		1E34B28E2478B69300ED4A85 /* Actions.swift */ = {isa = PBXFileReference; lastKnownFileType = sourcecode.swift; path = Actions.swift; sourceTree = "<group>"; };
		1E34B2922478B77A00ED4A85 /* AddView.swift */ = {isa = PBXFileReference; lastKnownFileType = sourcecode.swift; path = AddView.swift; sourceTree = "<group>"; };
		1E34B2942478B79400ED4A85 /* DetailView.swift */ = {isa = PBXFileReference; lastKnownFileType = sourcecode.swift; path = DetailView.swift; sourceTree = "<group>"; };
		1EECB94C246E3B970088BF05 /* HW1_Instructions.md */ = {isa = PBXFileReference; lastKnownFileType = net.daringfireball.markdown; path = HW1_Instructions.md; sourceTree = "<group>"; };
		8734815C2469DEE8000B9A79 /* ECE564_HW.app */ = {isa = PBXFileReference; explicitFileType = wrapper.application; includeInIndex = 0; path = ECE564_HW.app; sourceTree = BUILT_PRODUCTS_DIR; };
		8734815F2469DEE8000B9A79 /* AppDelegate.swift */ = {isa = PBXFileReference; lastKnownFileType = sourcecode.swift; path = AppDelegate.swift; sourceTree = "<group>"; };
		873481612469DEE8000B9A79 /* SceneDelegate.swift */ = {isa = PBXFileReference; lastKnownFileType = sourcecode.swift; path = SceneDelegate.swift; sourceTree = "<group>"; };
		873481682469DEE9000B9A79 /* Assets.xcassets */ = {isa = PBXFileReference; lastKnownFileType = folder.assetcatalog; path = Assets.xcassets; sourceTree = "<group>"; };
		8734816B2469DEE9000B9A79 /* Base */ = {isa = PBXFileReference; lastKnownFileType = file.storyboard; name = Base; path = Base.lproj/LaunchScreen.storyboard; sourceTree = "<group>"; };
		8734816D2469DEE9000B9A79 /* Info.plist */ = {isa = PBXFileReference; lastKnownFileType = text.plist.xml; path = Info.plist; sourceTree = "<group>"; };
		873481732469DFE1000B9A79 /* README.md */ = {isa = PBXFileReference; lastKnownFileType = net.daringfireball.markdown; path = README.md; sourceTree = "<group>"; };
		873481742469E31C000B9A79 /* Practice.playground */ = {isa = PBXFileReference; lastKnownFileType = file.playground; path = Practice.playground; sourceTree = "<group>"; xcLanguageSpecificationIdentifier = xcode.lang.swift; };
		873481752469E43A000B9A79 /* HW1.playground */ = {isa = PBXFileReference; lastKnownFileType = file.playground; path = HW1.playground; sourceTree = "<group>"; xcLanguageSpecificationIdentifier = xcode.lang.swift; };
/* End PBXFileReference section */

/* Begin PBXFrameworksBuildPhase section */
		873481592469DEE8000B9A79 /* Frameworks */ = {
			isa = PBXFrameworksBuildPhase;
			buildActionMask = 2147483647;
			files = (
			);
			runOnlyForDeploymentPostprocessing = 0;
		};
/* End PBXFrameworksBuildPhase section */

/* Begin PBXGroup section */
		1E34B2902478B74300ED4A85 /* Data */ = {
			isa = PBXGroup;
			children = (
				1E34B28E2478B69300ED4A85 /* Actions.swift */,
				1E34B28C2478B53B00ED4A85 /* Person.swift */,
			);
			path = Data;
			sourceTree = "<group>";
		};
		1E34B2912478B75100ED4A85 /* Views */ = {
			isa = PBXGroup;
			children = (
				1E34B28A2478B40F00ED4A85 /* ListView.swift */,
				1E34B2922478B77A00ED4A85 /* AddView.swift */,
				1E34B2942478B79400ED4A85 /* DetailView.swift */,
			);
			path = Views;
			sourceTree = "<group>";
		};
		1EECB94D246E3BA60088BF05 /* HW Instructions */ = {
			isa = PBXGroup;
			children = (
				1EECB94C246E3B970088BF05 /* HW1_Instructions.md */,
				1E34B24D2478AECD00ED4A85 /* HW2_Instructions.md */,
			);
			path = "HW Instructions";
			sourceTree = "<group>";
		};
		873481532469DEE8000B9A79 = {
			isa = PBXGroup;
			children = (
				873481732469DFE1000B9A79 /* README.md */,
				873481742469E31C000B9A79 /* Practice.playground */,
				873481752469E43A000B9A79 /* HW1.playground */,
				8734815E2469DEE8000B9A79 /* ECE564_HW */,
				8734815D2469DEE8000B9A79 /* Products */,
			);
			sourceTree = "<group>";
		};
		8734815D2469DEE8000B9A79 /* Products */ = {
			isa = PBXGroup;
			children = (
				8734815C2469DEE8000B9A79 /* ECE564_HW.app */,
			);
			name = Products;
			sourceTree = "<group>";
		};
		8734815E2469DEE8000B9A79 /* ECE564_HW */ = {
			isa = PBXGroup;
			children = (
				8734815F2469DEE8000B9A79 /* AppDelegate.swift */,
				873481612469DEE8000B9A79 /* SceneDelegate.swift */,
				1E34B2912478B75100ED4A85 /* Views */,
				1E34B2902478B74300ED4A85 /* Data */,
				873481682469DEE9000B9A79 /* Assets.xcassets */,
				8734816A2469DEE9000B9A79 /* LaunchScreen.storyboard */,
				8734816D2469DEE9000B9A79 /* Info.plist */,
				1EECB94D246E3BA60088BF05 /* HW Instructions */,
			);
			path = ECE564_HW;
			sourceTree = "<group>";
		};
/* End PBXGroup section */

/* Begin PBXNativeTarget section */
		8734815B2469DEE8000B9A79 /* ECE564_HW */ = {
			isa = PBXNativeTarget;
			buildConfigurationList = 873481702469DEE9000B9A79 /* Build configuration list for PBXNativeTarget "ECE564_HW" */;
			buildPhases = (
				873481582469DEE8000B9A79 /* Sources */,
				873481592469DEE8000B9A79 /* Frameworks */,
				8734815A2469DEE8000B9A79 /* Resources */,
			);
			buildRules = (
			);
			dependencies = (
			);
			name = ECE564_HW;
			productName = ECE564_HW;
			productReference = 8734815C2469DEE8000B9A79 /* ECE564_HW.app */;
			productType = "com.apple.product-type.application";
		};
/* End PBXNativeTarget section */

/* Begin PBXProject section */
		873481542469DEE8000B9A79 /* Project object */ = {
			isa = PBXProject;
			attributes = {
				LastSwiftUpdateCheck = 1140;
				LastUpgradeCheck = 1140;
				ORGANIZATIONNAME = ECE564;
				TargetAttributes = {
					8734815B2469DEE8000B9A79 = {
						CreatedOnToolsVersion = 11.4.1;
					};
				};
			};
			buildConfigurationList = 873481572469DEE8000B9A79 /* Build configuration list for PBXProject "ECE564_HW" */;
			compatibilityVersion = "Xcode 9.3";
			developmentRegion = en;
			hasScannedForEncodings = 0;
			knownRegions = (
				en,
				Base,
			);
			mainGroup = 873481532469DEE8000B9A79;
			productRefGroup = 8734815D2469DEE8000B9A79 /* Products */;
			projectDirPath = "";
			projectRoot = "";
			targets = (
				8734815B2469DEE8000B9A79 /* ECE564_HW */,
			);
		};
/* End PBXProject section */

/* Begin PBXResourcesBuildPhase section */
		8734815A2469DEE8000B9A79 /* Resources */ = {
			isa = PBXResourcesBuildPhase;
			buildActionMask = 2147483647;
			files = (
				8734816C2469DEE9000B9A79 /* LaunchScreen.storyboard in Resources */,
				873481692469DEE9000B9A79 /* Assets.xcassets in Resources */,
			);
			runOnlyForDeploymentPostprocessing = 0;
		};
/* End PBXResourcesBuildPhase section */

/* Begin PBXSourcesBuildPhase section */
		873481582469DEE8000B9A79 /* Sources */ = {
			isa = PBXSourcesBuildPhase;
			buildActionMask = 2147483647;
			files = (
				1E34B28F2478B69300ED4A85 /* Actions.swift in Sources */,
				1E34B28B2478B40F00ED4A85 /* ListView.swift in Sources */,
				1E34B2932478B77A00ED4A85 /* AddView.swift in Sources */,
				1E34B2952478B79400ED4A85 /* DetailView.swift in Sources */,
				873481602469DEE8000B9A79 /* AppDelegate.swift in Sources */,
				1E34B28D2478B53B00ED4A85 /* Person.swift in Sources */,
				873481622469DEE8000B9A79 /* SceneDelegate.swift in Sources */,
			);
			runOnlyForDeploymentPostprocessing = 0;
		};
/* End PBXSourcesBuildPhase section */

/* Begin PBXVariantGroup section */
		8734816A2469DEE9000B9A79 /* LaunchScreen.storyboard */ = {
			isa = PBXVariantGroup;
			children = (
				8734816B2469DEE9000B9A79 /* Base */,
			);
			name = LaunchScreen.storyboard;
			sourceTree = "<group>";
		};
/* End PBXVariantGroup section */

/* Begin XCBuildConfiguration section */
		8734816E2469DEE9000B9A79 /* Debug */ = {
			isa = XCBuildConfiguration;
			buildSettings = {
				ALWAYS_SEARCH_USER_PATHS = NO;
				CLANG_ANALYZER_NONNULL = YES;
				CLANG_ANALYZER_NUMBER_OBJECT_CONVERSION = YES_AGGRESSIVE;
				CLANG_CXX_LANGUAGE_STANDARD = "gnu++14";
				CLANG_CXX_LIBRARY = "libc++";
				CLANG_ENABLE_MODULES = YES;
				CLANG_ENABLE_OBJC_ARC = YES;
				CLANG_ENABLE_OBJC_WEAK = YES;
				CLANG_WARN_BLOCK_CAPTURE_AUTORELEASING = YES;
				CLANG_WARN_BOOL_CONVERSION = YES;
				CLANG_WARN_COMMA = YES;
				CLANG_WARN_CONSTANT_CONVERSION = YES;
				CLANG_WARN_DEPRECATED_OBJC_IMPLEMENTATIONS = YES;
				CLANG_WARN_DIRECT_OBJC_ISA_USAGE = YES_ERROR;
				CLANG_WARN_DOCUMENTATION_COMMENTS = YES;
				CLANG_WARN_EMPTY_BODY = YES;
				CLANG_WARN_ENUM_CONVERSION = YES;
				CLANG_WARN_INFINITE_RECURSION = YES;
				CLANG_WARN_INT_CONVERSION = YES;
				CLANG_WARN_NON_LITERAL_NULL_CONVERSION = YES;
				CLANG_WARN_OBJC_IMPLICIT_RETAIN_SELF = YES;
				CLANG_WARN_OBJC_LITERAL_CONVERSION = YES;
				CLANG_WARN_OBJC_ROOT_CLASS = YES_ERROR;
				CLANG_WARN_RANGE_LOOP_ANALYSIS = YES;
				CLANG_WARN_STRICT_PROTOTYPES = YES;
				CLANG_WARN_SUSPICIOUS_MOVE = YES;
				CLANG_WARN_UNGUARDED_AVAILABILITY = YES_AGGRESSIVE;
				CLANG_WARN_UNREACHABLE_CODE = YES;
				CLANG_WARN__DUPLICATE_METHOD_MATCH = YES;
				COPY_PHASE_STRIP = NO;
				DEBUG_INFORMATION_FORMAT = dwarf;
				ENABLE_STRICT_OBJC_MSGSEND = YES;
				ENABLE_TESTABILITY = YES;
				GCC_C_LANGUAGE_STANDARD = gnu11;
				GCC_DYNAMIC_NO_PIC = NO;
				GCC_NO_COMMON_BLOCKS = YES;
				GCC_OPTIMIZATION_LEVEL = 0;
				GCC_PREPROCESSOR_DEFINITIONS = (
					"DEBUG=1",
					"$(inherited)",
				);
				GCC_WARN_64_TO_32_BIT_CONVERSION = YES;
				GCC_WARN_ABOUT_RETURN_TYPE = YES_ERROR;
				GCC_WARN_UNDECLARED_SELECTOR = YES;
				GCC_WARN_UNINITIALIZED_AUTOS = YES_AGGRESSIVE;
				GCC_WARN_UNUSED_FUNCTION = YES;
				GCC_WARN_UNUSED_VARIABLE = YES;
				IPHONEOS_DEPLOYMENT_TARGET = 13.4;
				MTL_ENABLE_DEBUG_INFO = INCLUDE_SOURCE;
				MTL_FAST_MATH = YES;
				ONLY_ACTIVE_ARCH = YES;
				SDKROOT = iphoneos;
				SWIFT_ACTIVE_COMPILATION_CONDITIONS = DEBUG;
				SWIFT_OPTIMIZATION_LEVEL = "-Onone";
			};
			name = Debug;
		};
		8734816F2469DEE9000B9A79 /* Release */ = {
			isa = XCBuildConfiguration;
			buildSettings = {
				ALWAYS_SEARCH_USER_PATHS = NO;
				CLANG_ANALYZER_NONNULL = YES;
				CLANG_ANALYZER_NUMBER_OBJECT_CONVERSION = YES_AGGRESSIVE;
				CLANG_CXX_LANGUAGE_STANDARD = "gnu++14";
				CLANG_CXX_LIBRARY = "libc++";
				CLANG_ENABLE_MODULES = YES;
				CLANG_ENABLE_OBJC_ARC = YES;
				CLANG_ENABLE_OBJC_WEAK = YES;
				CLANG_WARN_BLOCK_CAPTURE_AUTORELEASING = YES;
				CLANG_WARN_BOOL_CONVERSION = YES;
				CLANG_WARN_COMMA = YES;
				CLANG_WARN_CONSTANT_CONVERSION = YES;
				CLANG_WARN_DEPRECATED_OBJC_IMPLEMENTATIONS = YES;
				CLANG_WARN_DIRECT_OBJC_ISA_USAGE = YES_ERROR;
				CLANG_WARN_DOCUMENTATION_COMMENTS = YES;
				CLANG_WARN_EMPTY_BODY = YES;
				CLANG_WARN_ENUM_CONVERSION = YES;
				CLANG_WARN_INFINITE_RECURSION = YES;
				CLANG_WARN_INT_CONVERSION = YES;
				CLANG_WARN_NON_LITERAL_NULL_CONVERSION = YES;
				CLANG_WARN_OBJC_IMPLICIT_RETAIN_SELF = YES;
				CLANG_WARN_OBJC_LITERAL_CONVERSION = YES;
				CLANG_WARN_OBJC_ROOT_CLASS = YES_ERROR;
				CLANG_WARN_RANGE_LOOP_ANALYSIS = YES;
				CLANG_WARN_STRICT_PROTOTYPES = YES;
				CLANG_WARN_SUSPICIOUS_MOVE = YES;
				CLANG_WARN_UNGUARDED_AVAILABILITY = YES_AGGRESSIVE;
				CLANG_WARN_UNREACHABLE_CODE = YES;
				CLANG_WARN__DUPLICATE_METHOD_MATCH = YES;
				COPY_PHASE_STRIP = NO;
				DEBUG_INFORMATION_FORMAT = "dwarf-with-dsym";
				ENABLE_NS_ASSERTIONS = NO;
				ENABLE_STRICT_OBJC_MSGSEND = YES;
				GCC_C_LANGUAGE_STANDARD = gnu11;
				GCC_NO_COMMON_BLOCKS = YES;
				GCC_WARN_64_TO_32_BIT_CONVERSION = YES;
				GCC_WARN_ABOUT_RETURN_TYPE = YES_ERROR;
				GCC_WARN_UNDECLARED_SELECTOR = YES;
				GCC_WARN_UNINITIALIZED_AUTOS = YES_AGGRESSIVE;
				GCC_WARN_UNUSED_FUNCTION = YES;
				GCC_WARN_UNUSED_VARIABLE = YES;
				IPHONEOS_DEPLOYMENT_TARGET = 13.4;
				MTL_ENABLE_DEBUG_INFO = NO;
				MTL_FAST_MATH = YES;
				SDKROOT = iphoneos;
				SWIFT_COMPILATION_MODE = wholemodule;
				SWIFT_OPTIMIZATION_LEVEL = "-O";
				VALIDATE_PRODUCT = YES;
			};
			name = Release;
		};
		873481712469DEE9000B9A79 /* Debug */ = {
			isa = XCBuildConfiguration;
			buildSettings = {
				ASSETCATALOG_COMPILER_APPICON_NAME = AppIcon;
				CODE_SIGN_STYLE = Automatic;
				DEVELOPMENT_TEAM = U6J58C8CJT;
				INFOPLIST_FILE = ECE564_HW/Info.plist;
				LD_RUNPATH_SEARCH_PATHS = (
					"$(inherited)",
					"@executable_path/Frameworks",
				);
				PRODUCT_BUNDLE_IDENTIFIER = "edu.duke.ECE564-HW";
				PRODUCT_NAME = "$(TARGET_NAME)";
				SWIFT_VERSION = 5.0;
				TARGETED_DEVICE_FAMILY = "1,2";
			};
			name = Debug;
		};
		873481722469DEE9000B9A79 /* Release */ = {
			isa = XCBuildConfiguration;
			buildSettings = {
				ASSETCATALOG_COMPILER_APPICON_NAME = AppIcon;
				CODE_SIGN_STYLE = Automatic;
				DEVELOPMENT_TEAM = U6J58C8CJT;
				INFOPLIST_FILE = ECE564_HW/Info.plist;
				LD_RUNPATH_SEARCH_PATHS = (
					"$(inherited)",
					"@executable_path/Frameworks",
				);
				PRODUCT_BUNDLE_IDENTIFIER = "edu.duke.ECE564-HW";
				PRODUCT_NAME = "$(TARGET_NAME)";
				SWIFT_VERSION = 5.0;
				TARGETED_DEVICE_FAMILY = "1,2";
			};
			name = Release;
		};
/* End XCBuildConfiguration section */

/* Begin XCConfigurationList section */
		873481572469DEE8000B9A79 /* Build configuration list for PBXProject "ECE564_HW" */ = {
			isa = XCConfigurationList;
			buildConfigurations = (
				8734816E2469DEE9000B9A79 /* Debug */,
				8734816F2469DEE9000B9A79 /* Release */,
			);
			defaultConfigurationIsVisible = 0;
			defaultConfigurationName = Release;
		};
		873481702469DEE9000B9A79 /* Build configuration list for PBXNativeTarget "ECE564_HW" */ = {
			isa = XCConfigurationList;
			buildConfigurations = (
				873481712469DEE9000B9A79 /* Debug */,
				873481722469DEE9000B9A79 /* Release */,
			);
			defaultConfigurationIsVisible = 0;
			defaultConfigurationName = Release;
		};
/* End XCConfigurationList section */
	};
	rootObject = 873481542469DEE8000B9A79 /* Project object */;
}
